<?xml version="1.0" encoding="utf-8"?>
<Project ToolsVersion="4.0" xmlns="http://schemas.microsoft.com/developer/msbuild/2003">
  <ItemGroup>
    <ClCompile Include="AppServer.cpp" />
    <ClCompile Include="AppServerMain.cpp" />
    <ClCompile Include="..\helpers\Socket.cpp">
      <Filter>helpers</Filter>
    </ClCompile>
    <ClCompile Include="helpers\SocketServer.cpp">
      <Filter>helpers</Filter>
    </ClCompile>
  </ItemGroup>
  <ItemGroup>
    <ClInclude Include="AppServer.h" />
    <ClInclude Include="..\helpers\Socket.h">
      <Filter>helpers</Filter>
    </ClInclude>
    <ClInclude Include="..\helpers\UtilFile.h">
      <Filter>helpers</Filter>
    </ClInclude>
    <ClInclude Include="..\helpers\UtilString.h">
      <Filter>helpers</Filter>
    </ClInclude>
    <ClInclude Include="helpers\SocketServer.h">
      <Filter>helpers</Filter>
    </ClInclude>
    <ClInclude Include="..\Message\Message.h">
      <Filter>message</Filter>
    </ClInclude>
  </ItemGroup>
  <ItemGroup>
    <Filter Include="helpers">
      <UniqueIdentifier>{422afd41-4cc8-4b92-9f61-6c7f28aaa884}</UniqueIdentifier>
    </Filter>
    <Filter Include="message">
      <UniqueIdentifier>{18958177-8fa7-4b23-9b42-f35754e752e0}</UniqueIdentifier>
    </Filter>
  </ItemGroup>
</Project>