<?xml version="1.0" encoding="utf-8"?>
<Project ToolsVersion="4.0" xmlns="http://schemas.microsoft.com/developer/msbuild/2003">
  <ItemGroup>
    <ClCompile Include="AppServer.cpp" />
    <ClCompile Include="AppServerMain.cpp" />
    <ClCompile Include="ResponseBuilder\ResponseBuilder.cpp">
      <Filter>response_builder</Filter>
    </ClCompile>
    <ClCompile Include="..\Serializer\SocketSerializer.cpp">
      <Filter>serializer</Filter>
    </ClCompile>
    <ClCompile Include="..\Deserializer\SocketDeserializer.cpp">
      <Filter>deserializer</Filter>
    </ClCompile>
    <ClCompile Include="ResponseBuilder\ServerContent.cpp">
      <Filter>response_builder</Filter>
    </ClCompile>
    <ClCompile Include="..\Message\MessagePack.cpp">
      <Filter>message</Filter>
    </ClCompile>
    <ClCompile Include="..\Message\FileMessage.cpp">
      <Filter>message</Filter>
    </ClCompile>
    <ClCompile Include="..\Message\RequestMessage.cpp">
      <Filter>message</Filter>
    </ClCompile>
    <ClCompile Include="..\Message\TextMessage.cpp">
      <Filter>message</Filter>
    </ClCompile>
    <ClCompile Include="..\Message\AuthorizedMessage.cpp">
      <Filter>message</Filter>
    </ClCompile>
    <ClCompile Include="ClientConnection\ClientConnection.cpp">
      <Filter>ClientConnection</Filter>
    </ClCompile>
    <ClCompile Include="..\Observer\IObservable.cpp">
      <Filter>observer</Filter>
    </ClCompile>
    <ClCompile Include="..\Observer\MessagesUpdateEvent.cpp">
      <Filter>observer</Filter>
    </ClCompile>
    <ClCompile Include="..\helpers\File.cpp">
      <Filter>helpers</Filter>
    </ClCompile>
    <ClCompile Include="..\helpers\Socket\Socket.cpp">
      <Filter>helpers\socket</Filter>
    </ClCompile>
    <ClCompile Include="helpers\SocketServer.cpp">
      <Filter>helpers\socket</Filter>
    </ClCompile>
    <ClCompile Include="..\helpers\Socket\SocketException.cpp">
      <Filter>helpers\socket</Filter>
    </ClCompile>
    <ClCompile Include="..\Observer\ConnResetEvent.cpp">
      <Filter>observer</Filter>
    </ClCompile>
  </ItemGroup>
  <ItemGroup>
    <ClInclude Include="AppServer.h" />
    <ClInclude Include="ResponseBuilder\IConvertableToHttp.h">
      <Filter>response_builder</Filter>
    </ClInclude>
    <ClInclude Include="ResponseBuilder\ResponseBuilder.h">
      <Filter>response_builder</Filter>
    </ClInclude>
    <ClInclude Include="ResponseBuilder\ServerContent.h">
      <Filter>response_builder</Filter>
    </ClInclude>
    <ClInclude Include="..\Serializer\Serializer.h">
      <Filter>serializer</Filter>
    </ClInclude>
    <ClInclude Include="..\Serializer\SerializerOperators.h">
      <Filter>serializer</Filter>
    </ClInclude>
    <ClInclude Include="..\Serializer\SocketSerializer.h">
      <Filter>serializer</Filter>
    </ClInclude>
    <ClInclude Include="..\Deserializer\Deserializer.h">
      <Filter>deserializer</Filter>
    </ClInclude>
    <ClInclude Include="..\Deserializer\DeserializerOperators.h">
      <Filter>deserializer</Filter>
    </ClInclude>
    <ClInclude Include="..\Deserializer\SocketDeserializer.h">
      <Filter>deserializer</Filter>
    </ClInclude>
    <ClInclude Include="..\Message\IMessage.h">
      <Filter>message</Filter>
    </ClInclude>
    <ClInclude Include="..\Message\FileMessage.h">
      <Filter>message</Filter>
    </ClInclude>
    <ClInclude Include="..\Message\TextMessage.h">
      <Filter>message</Filter>
    </ClInclude>
    <ClInclude Include="..\Message\IMessagePack.h">
      <Filter>message</Filter>
    </ClInclude>
    <ClInclude Include="..\Message\MessagePack.h">
      <Filter>message</Filter>
    </ClInclude>
    <ClInclude Include="..\Message\AuthorizedMessage.h">
      <Filter>message</Filter>
    </ClInclude>
    <ClInclude Include="..\Message\RequestMessage.h">
      <Filter>message</Filter>
    </ClInclude>
    <ClInclude Include="ClientConnection\ClientConnection.h">
      <Filter>ClientConnection</Filter>
    </ClInclude>
    <ClInclude Include="..\Observer\Event.h">
      <Filter>observer</Filter>
    </ClInclude>
    <ClInclude Include="..\Observer\IObservable.h">
      <Filter>observer</Filter>
    </ClInclude>
    <ClInclude Include="..\Observer\IObserver.h">
      <Filter>observer</Filter>
    </ClInclude>
    <ClInclude Include="..\Observer\MessagesUpdateEvent.h">
      <Filter>observer</Filter>
    </ClInclude>
    <ClInclude Include="..\helpers\File.h">
      <Filter>helpers</Filter>
    </ClInclude>
    <ClInclude Include="..\helpers\UtilFile.h">
      <Filter>helpers</Filter>
    </ClInclude>
    <ClInclude Include="..\helpers\UtilString.h">
      <Filter>helpers</Filter>
    </ClInclude>
    <ClInclude Include="..\helpers\Socket\SocketException.h">
      <Filter>helpers\socket</Filter>
    </ClInclude>
    <ClInclude Include="..\helpers\Socket\ConnResetException.h">
      <Filter>helpers\socket</Filter>
    </ClInclude>
    <ClInclude Include="..\helpers\Socket\Socket.h">
      <Filter>helpers\socket</Filter>
    </ClInclude>
    <ClInclude Include="helpers\SocketServer.h">
      <Filter>helpers\socket</Filter>
    </ClInclude>
    <ClInclude Include="..\Observer\ConnResetEvent.h">
      <Filter>observer</Filter>
    </ClInclude>
  </ItemGroup>
  <ItemGroup>
    <Filter Include="response_builder">
      <UniqueIdentifier>{b583cbaf-878f-4d3e-a5da-6baa5830322f}</UniqueIdentifier>
    </Filter>
    <Filter Include="serializer">
      <UniqueIdentifier>{65998481-504e-4602-b7ab-eadf2929c292}</UniqueIdentifier>
    </Filter>
    <Filter Include="deserializer">
      <UniqueIdentifier>{f0f77033-1cf8-4137-857e-cf186be78a08}</UniqueIdentifier>
    </Filter>
    <Filter Include="message">
      <UniqueIdentifier>{ab435887-e4a5-4caf-a9eb-bcd2b15ebabe}</UniqueIdentifier>
    </Filter>
    <Filter Include="ClientConnection">
      <UniqueIdentifier>{f0e9be31-e4f5-4cad-84c1-a80b37a7f8ab}</UniqueIdentifier>
    </Filter>
    <Filter Include="observer">
      <UniqueIdentifier>{2f4b824f-3858-469c-83e9-72968290d8ad}</UniqueIdentifier>
    </Filter>
    <Filter Include="helpers">
      <UniqueIdentifier>{e26c3775-d26d-4855-85d8-fabd30143159}</UniqueIdentifier>
    </Filter>
    <Filter Include="helpers\socket">
      <UniqueIdentifier>{f50a6094-aecf-4392-b258-b74842f0573c}</UniqueIdentifier>
    </Filter>
  </ItemGroup>
</Project>