<?xml version="1.0" encoding="utf-8"?>
<Project ToolsVersion="4.0" xmlns="http://schemas.microsoft.com/developer/msbuild/2003">
  <ItemGroup>
    <ClCompile Include="AppServer.cpp" />
    <ClCompile Include="AppServerMain.cpp" />
    <ClCompile Include="helpers\SocketServer.cpp">
      <Filter>helpers</Filter>
    </ClCompile>
    <ClCompile Include="helpers\Socket.cpp">
      <Filter>helpers</Filter>
    </ClCompile>
  </ItemGroup>
  <ItemGroup>
    <ClInclude Include="AppServer.h" />
    <ClInclude Include="helpers\UtilString.h">
      <Filter>helpers</Filter>
    </ClInclude>
    <ClInclude Include="helpers\SocketServer.h">
      <Filter>helpers</Filter>
    </ClInclude>
    <ClInclude Include="helpers\UtilFile.h">
      <Filter>helpers</Filter>
    </ClInclude>
    <ClInclude Include="helpers\Socket.h">
      <Filter>helpers</Filter>
    </ClInclude>
  </ItemGroup>
  <ItemGroup>
    <Filter Include="helpers">
      <UniqueIdentifier>{2065cda2-d3c7-4e67-9b3f-805388e016d2}</UniqueIdentifier>
    </Filter>
  </ItemGroup>
</Project>