<?xml version="1.0" encoding="utf-8"?>
<Project ToolsVersion="4.0" xmlns="http://schemas.microsoft.com/developer/msbuild/2003">
  <ItemGroup>
    <ClCompile Include="AppMonitor.cpp" />
    <ClCompile Include="AppMonitorMain.cpp" />
    <ClCompile Include="helpers\Console.cpp">
      <Filter>helpers</Filter>
    </ClCompile>
    <ClCompile Include="helpers\Process.cpp">
      <Filter>helpers</Filter>
    </ClCompile>
  </ItemGroup>
  <ItemGroup>
    <ClInclude Include="AppMonitor.h" />
    <ClInclude Include="helpers\Console.h">
      <Filter>helpers</Filter>
    </ClInclude>
    <ClInclude Include="helpers\Process.h">
      <Filter>helpers</Filter>
    </ClInclude>
    <ClInclude Include="..\helpers\UtilFile.h">
      <Filter>helpers</Filter>
    </ClInclude>
    <ClInclude Include="..\helpers\UtilString.h">
      <Filter>helpers</Filter>
    </ClInclude>
    <ClInclude Include="..\Message\Message.h">
      <Filter>message</Filter>
    </ClInclude>
  </ItemGroup>
  <ItemGroup>
    <Filter Include="helpers">
      <UniqueIdentifier>{e26fcb79-3aed-42cb-b998-deebcc9d7c1c}</UniqueIdentifier>
    </Filter>
    <Filter Include="message">
      <UniqueIdentifier>{cf05a704-db54-4f32-ad0c-675d008e626a}</UniqueIdentifier>
    </Filter>
  </ItemGroup>
</Project>